
Microsoft Visual Studio Solution File, Format Version 12.00
# Visual Studio Version 16
VisualStudioVersion = 16.0.29001.49
MinimumVisualStudioVersion = 10.0.40219.1
Project("{FAE04EC0-301F-11D3-BF4B-00C04F79EFBC}") = "ComparableCar", "ComparableCar\ComparableCar.csproj", "{9A419F72-A882-4FBA-BB10-6E8B7F113215}"
EndProject
Global
	GlobalSection(SolutionConfigurationPlatforms) = preSolution
		Debug|Any CPU = Debug|Any CPU
		Release|Any CPU = Release|Any CPU
	EndGlobalSection
	GlobalSection(ProjectConfigurationPlatforms) = postSolution
		{9A419F72-A882-4FBA-BB10-6E8B7F113215}.Debug|Any CPU.ActiveCfg = Debug|Any CPU
		{9A419F72-A882-4FBA-BB10-6E8B7F113215}.Debug|Any CPU.Build.0 = Debug|Any CPU
		{9A419F72-A882-4FBA-BB10-6E8B7F113215}.Release|Any CPU.ActiveCfg = Release|Any CPU
		{9A419F72-A882-4FBA-BB10-6E8B7F113215}.Release|Any CPU.Build.0 = Release|Any CPU
	EndGlobalSection
	GlobalSection(SolutionProperties) = preSolution
		HideSolutionNode = FALSE
	EndGlobalSection
	GlobalSection(ExtensibilityGlobals) = postSolution
		SolutionGuid = {835F079D-C2F9-4829-A353-30BF59EFE621}
	EndGlobalSection
EndGlobal
